// !$*UTF8*$!
{
	archiveVersion = 1;
	classes = {
	};
	objectVersion = 46;
	objects = {

/* Begin PBXBuildFile section */
		572038121F82F1A800FBDB9F /* EFCountingLabel.swift in Sources */ = {isa = PBXBuildFile; fileRef = 571DDC241F7BB3FB00470F6E /* EFCountingLabel.swift */; };
		572038131F82F1A800FBDB9F /* UIFont.swift in Sources */ = {isa = PBXBuildFile; fileRef = 571DDC261F7BBE8200470F6E /* UIFont.swift */; };
		572038141F82F1A800FBDB9F /* UILabel.swift in Sources */ = {isa = PBXBuildFile; fileRef = 571DDC281F7BC0A200470F6E /* UILabel.swift */; };
		572038151F82F1A800FBDB9F /* Assets.xcassets in Resources */ = {isa = PBXBuildFile; fileRef = 572037FB1F82F13800FBDB9F /* Assets.xcassets */; };
		572038161F82F1A800FBDB9F /* CircleView.swift in Sources */ = {isa = PBXBuildFile; fileRef = 572037F51F82F13800FBDB9F /* CircleView.swift */; };
		572038171F82F1A800FBDB9F /* Colors.swift in Sources */ = {isa = PBXBuildFile; fileRef = 572037FC1F82F13900FBDB9F /* Colors.swift */; };
		572038181F82F1A800FBDB9F /* DetailsViewController.swift in Sources */ = {isa = PBXBuildFile; fileRef = 572037FE1F82F13900FBDB9F /* DetailsViewController.swift */; };
		572038191F82F1A800FBDB9F /* FoodModel.swift in Sources */ = {isa = PBXBuildFile; fileRef = 572037FF1F82F13900FBDB9F /* FoodModel.swift */; };
		5720381A1F82F1A800FBDB9F /* FoodModelFactory.swift in Sources */ = {isa = PBXBuildFile; fileRef = 572037FA1F82F13800FBDB9F /* FoodModelFactory.swift */; };
		5720381B1F82F1A800FBDB9F /* ListItemCollectionViewCell.swift in Sources */ = {isa = PBXBuildFile; fileRef = 572037F71F82F13800FBDB9F /* ListItemCollectionViewCell.swift */; };
		5720381C1F82F1A800FBDB9F /* ListToDetailsSegue.swift in Sources */ = {isa = PBXBuildFile; fileRef = 572037F81F82F13800FBDB9F /* ListToDetailsSegue.swift */; };
		5720381D1F82F1A800FBDB9F /* ListViewController.swift in Sources */ = {isa = PBXBuildFile; fileRef = 572037F91F82F13800FBDB9F /* ListViewController.swift */; };
		5720381E1F82F1A800FBDB9F /* FirstOnboardingViewController.swift in Sources */ = {isa = PBXBuildFile; fileRef = 572038011F82F13900FBDB9F /* FirstOnboardingViewController.swift */; };
		5720381F1F82F1A800FBDB9F /* OnboardingViewController.swift in Sources */ = {isa = PBXBuildFile; fileRef = 572038021F82F13900FBDB9F /* OnboardingViewController.swift */; };
		572038201F82F1A800FBDB9F /* SecondOnboardingViewController.swift in Sources */ = {isa = PBXBuildFile; fileRef = 572038031F82F13900FBDB9F /* SecondOnboardingViewController.swift */; };
		572038211F82F1A800FBDB9F /* ThirdOnboardingViewController.swift in Sources */ = {isa = PBXBuildFile; fileRef = 572038041F82F13900FBDB9F /* ThirdOnboardingViewController.swift */; };
		572038221F82F1A800FBDB9F /* RefreshView.swift in Sources */ = {isa = PBXBuildFile; fileRef = 571DDC2A1F7BE6C000470F6E /* RefreshView.swift */; };
		572038231F82F1A800FBDB9F /* AppDelegate.swift in Sources */ = {isa = PBXBuildFile; fileRef = 57A2C3D21F70626000E9E293 /* AppDelegate.swift */; };
		5769FA5A1F7069F1005429FD /* Main.storyboard in Resources */ = {isa = PBXBuildFile; fileRef = 5769FA591F7069F1005429FD /* Main.storyboard */; };
		57A2C3DD1F70626000E9E293 /* LaunchScreen.storyboard in Resources */ = {isa = PBXBuildFile; fileRef = 57A2C3DB1F70626000E9E293 /* LaunchScreen.storyboard */; };
/* End PBXBuildFile section */

/* Begin PBXFileReference section */
		571DDC241F7BB3FB00470F6E /* EFCountingLabel.swift */ = {isa = PBXFileReference; lastKnownFileType = sourcecode.swift; path = EFCountingLabel.swift; sourceTree = "<group>"; };
		571DDC261F7BBE8200470F6E /* UIFont.swift */ = {isa = PBXFileReference; lastKnownFileType = sourcecode.swift; path = UIFont.swift; sourceTree = "<group>"; };
		571DDC281F7BC0A200470F6E /* UILabel.swift */ = {isa = PBXFileReference; lastKnownFileType = sourcecode.swift; path = UILabel.swift; sourceTree = "<group>"; };
		571DDC2A1F7BE6C000470F6E /* RefreshView.swift */ = {isa = PBXFileReference; lastKnownFileType = sourcecode.swift; path = RefreshView.swift; sourceTree = "<group>"; };
		572037F51F82F13800FBDB9F /* CircleView.swift */ = {isa = PBXFileReference; lastKnownFileType = sourcecode.swift; path = CircleView.swift; sourceTree = "<group>"; };
		572037F71F82F13800FBDB9F /* ListItemCollectionViewCell.swift */ = {isa = PBXFileReference; lastKnownFileType = sourcecode.swift; path = ListItemCollectionViewCell.swift; sourceTree = "<group>"; };
		572037F81F82F13800FBDB9F /* ListToDetailsSegue.swift */ = {isa = PBXFileReference; lastKnownFileType = sourcecode.swift; path = ListToDetailsSegue.swift; sourceTree = "<group>"; };
		572037F91F82F13800FBDB9F /* ListViewController.swift */ = {isa = PBXFileReference; lastKnownFileType = sourcecode.swift; path = ListViewController.swift; sourceTree = "<group>"; };
		572037FA1F82F13800FBDB9F /* FoodModelFactory.swift */ = {isa = PBXFileReference; lastKnownFileType = sourcecode.swift; path = FoodModelFactory.swift; sourceTree = "<group>"; };
		572037FB1F82F13800FBDB9F /* Assets.xcassets */ = {isa = PBXFileReference; lastKnownFileType = folder.assetcatalog; path = Assets.xcassets; sourceTree = "<group>"; };
		572037FC1F82F13900FBDB9F /* Colors.swift */ = {isa = PBXFileReference; lastKnownFileType = sourcecode.swift; path = Colors.swift; sourceTree = "<group>"; };
		572037FE1F82F13900FBDB9F /* DetailsViewController.swift */ = {isa = PBXFileReference; lastKnownFileType = sourcecode.swift; path = DetailsViewController.swift; sourceTree = "<group>"; };
		572037FF1F82F13900FBDB9F /* FoodModel.swift */ = {isa = PBXFileReference; lastKnownFileType = sourcecode.swift; path = FoodModel.swift; sourceTree = "<group>"; };
		572038011F82F13900FBDB9F /* FirstOnboardingViewController.swift */ = {isa = PBXFileReference; lastKnownFileType = sourcecode.swift; path = FirstOnboardingViewController.swift; sourceTree = "<group>"; };
		572038021F82F13900FBDB9F /* OnboardingViewController.swift */ = {isa = PBXFileReference; lastKnownFileType = sourcecode.swift; path = OnboardingViewController.swift; sourceTree = "<group>"; };
		572038031F82F13900FBDB9F /* SecondOnboardingViewController.swift */ = {isa = PBXFileReference; lastKnownFileType = sourcecode.swift; path = SecondOnboardingViewController.swift; sourceTree = "<group>"; };
		572038041F82F13900FBDB9F /* ThirdOnboardingViewController.swift */ = {isa = PBXFileReference; lastKnownFileType = sourcecode.swift; path = ThirdOnboardingViewController.swift; sourceTree = "<group>"; };
		5769FA591F7069F1005429FD /* Main.storyboard */ = {isa = PBXFileReference; lastKnownFileType = file.storyboard; path = Main.storyboard; sourceTree = "<group>"; };
		57A2C3CF1F70626000E9E293 /* AFEA-EndProject.app */ = {isa = PBXFileReference; explicitFileType = wrapper.application; includeInIndex = 0; path = "AFEA-EndProject.app"; sourceTree = BUILT_PRODUCTS_DIR; };
		57A2C3D21F70626000E9E293 /* AppDelegate.swift */ = {isa = PBXFileReference; lastKnownFileType = sourcecode.swift; path = AppDelegate.swift; sourceTree = "<group>"; };
		57A2C3DC1F70626000E9E293 /* Base */ = {isa = PBXFileReference; lastKnownFileType = file.storyboard; name = Base; path = Base.lproj/LaunchScreen.storyboard; sourceTree = "<group>"; };
		57A2C3DE1F70626000E9E293 /* Info.plist */ = {isa = PBXFileReference; lastKnownFileType = text.plist.xml; path = Info.plist; sourceTree = "<group>"; };
/* End PBXFileReference section */

/* Begin PBXFrameworksBuildPhase section */
		57A2C3CC1F70626000E9E293 /* Frameworks */ = {
			isa = PBXFrameworksBuildPhase;
			buildActionMask = 2147483647;
			files = (
			);
			runOnlyForDeploymentPostprocessing = 0;
		};
/* End PBXFrameworksBuildPhase section */

/* Begin PBXGroup section */
		572037F61F82F13800FBDB9F /* List */ = {
			isa = PBXGroup;
			children = (
				572037F71F82F13800FBDB9F /* ListItemCollectionViewCell.swift */,
				572037F81F82F13800FBDB9F /* ListToDetailsSegue.swift */,
				572037F91F82F13800FBDB9F /* ListViewController.swift */,
			);
			path = List;
			sourceTree = "<group>";
		};
		572037FD1F82F13900FBDB9F /* Details */ = {
			isa = PBXGroup;
			children = (
				572037FE1F82F13900FBDB9F /* DetailsViewController.swift */,
			);
			path = Details;
			sourceTree = "<group>";
		};
		572038001F82F13900FBDB9F /* Onboarding */ = {
			isa = PBXGroup;
			children = (
				572038011F82F13900FBDB9F /* FirstOnboardingViewController.swift */,
				572038021F82F13900FBDB9F /* OnboardingViewController.swift */,
				572038031F82F13900FBDB9F /* SecondOnboardingViewController.swift */,
				572038041F82F13900FBDB9F /* ThirdOnboardingViewController.swift */,
			);
			path = Onboarding;
			sourceTree = "<group>";
		};
		57A2C3C61F70626000E9E293 = {
			isa = PBXGroup;
			children = (
				57A2C3D11F70626000E9E293 /* AFEA-EndProject */,
				57A2C3D01F70626000E9E293 /* Products */,
			);
			sourceTree = "<group>";
		};
		57A2C3D01F70626000E9E293 /* Products */ = {
			isa = PBXGroup;
			children = (
				57A2C3CF1F70626000E9E293 /* AFEA-EndProject.app */,
			);
			name = Products;
			sourceTree = "<group>";
		};
		57A2C3D11F70626000E9E293 /* AFEA-EndProject */ = {
			isa = PBXGroup;
			children = (
				571DDC241F7BB3FB00470F6E /* EFCountingLabel.swift */,
				571DDC261F7BBE8200470F6E /* UIFont.swift */,
				571DDC281F7BC0A200470F6E /* UILabel.swift */,
				572037FB1F82F13800FBDB9F /* Assets.xcassets */,
				572037F51F82F13800FBDB9F /* CircleView.swift */,
				572037FC1F82F13900FBDB9F /* Colors.swift */,
				572037FD1F82F13900FBDB9F /* Details */,
				572037FF1F82F13900FBDB9F /* FoodModel.swift */,
				572037FA1F82F13800FBDB9F /* FoodModelFactory.swift */,
				572037F61F82F13800FBDB9F /* List */,
				572038001F82F13900FBDB9F /* Onboarding */,
				571DDC2A1F7BE6C000470F6E /* RefreshView.swift */,
				57A2C3D21F70626000E9E293 /* AppDelegate.swift */,
				5769FA591F7069F1005429FD /* Main.storyboard */,
				57A2C3DB1F70626000E9E293 /* LaunchScreen.storyboard */,
				57A2C3DE1F70626000E9E293 /* Info.plist */,
			);
			path = "AFEA-EndProject";
			sourceTree = "<group>";
		};
/* End PBXGroup section */

/* Begin PBXNativeTarget section */
		57A2C3CE1F70626000E9E293 /* AFEA-EndProject */ = {
			isa = PBXNativeTarget;
			buildConfigurationList = 57A2C3E11F70626000E9E293 /* Build configuration list for PBXNativeTarget "AFEA-EndProject" */;
			buildPhases = (
				57A2C3CB1F70626000E9E293 /* Sources */,
				57A2C3CC1F70626000E9E293 /* Frameworks */,
				57A2C3CD1F70626000E9E293 /* Resources */,
			);
			buildRules = (
			);
			dependencies = (
			);
			name = "AFEA-EndProject";
			productName = "AFEA-EndProject";
			productReference = 57A2C3CF1F70626000E9E293 /* AFEA-EndProject.app */;
			productType = "com.apple.product-type.application";
		};
/* End PBXNativeTarget section */

/* Begin PBXProject section */
		57A2C3C71F70626000E9E293 /* Project object */ = {
			isa = PBXProject;
			attributes = {
				LastSwiftUpdateCheck = 0830;
				LastUpgradeCheck = 0830;
				ORGANIZATIONNAME = "Azzaro Mujic";
				TargetAttributes = {
					57A2C3CE1F70626000E9E293 = {
						CreatedOnToolsVersion = 8.3.3;
						DevelopmentTeam = 22A939EHZ7;
						ProvisioningStyle = Automatic;
					};
				};
			};
			buildConfigurationList = 57A2C3CA1F70626000E9E293 /* Build configuration list for PBXProject "AFEA-EndProject" */;
			compatibilityVersion = "Xcode 3.2";
			developmentRegion = English;
			hasScannedForEncodings = 0;
			knownRegions = (
				en,
				Base,
			);
			mainGroup = 57A2C3C61F70626000E9E293;
			productRefGroup = 57A2C3D01F70626000E9E293 /* Products */;
			projectDirPath = "";
			projectRoot = "";
			targets = (
				57A2C3CE1F70626000E9E293 /* AFEA-EndProject */,
			);
		};
/* End PBXProject section */

/* Begin PBXResourcesBuildPhase section */
		57A2C3CD1F70626000E9E293 /* Resources */ = {
			isa = PBXResourcesBuildPhase;
			buildActionMask = 2147483647;
			files = (
				57A2C3DD1F70626000E9E293 /* LaunchScreen.storyboard in Resources */,
				572038151F82F1A800FBDB9F /* Assets.xcassets in Resources */,
				5769FA5A1F7069F1005429FD /* Main.storyboard in Resources */,
			);
			runOnlyForDeploymentPostprocessing = 0;
		};
/* End PBXResourcesBuildPhase section */

/* Begin PBXSourcesBuildPhase section */
		57A2C3CB1F70626000E9E293 /* Sources */ = {
			isa = PBXSourcesBuildPhase;
			buildActionMask = 2147483647;
			files = (
				5720381F1F82F1A800FBDB9F /* OnboardingViewController.swift in Sources */,
				5720381E1F82F1A800FBDB9F /* FirstOnboardingViewController.swift in Sources */,
				572038161F82F1A800FBDB9F /* CircleView.swift in Sources */,
				572038171F82F1A800FBDB9F /* Colors.swift in Sources */,
				572038211F82F1A800FBDB9F /* ThirdOnboardingViewController.swift in Sources */,
				5720381A1F82F1A800FBDB9F /* FoodModelFactory.swift in Sources */,
				572038221F82F1A800FBDB9F /* RefreshView.swift in Sources */,
				572038131F82F1A800FBDB9F /* UIFont.swift in Sources */,
				572038141F82F1A800FBDB9F /* UILabel.swift in Sources */,
				5720381D1F82F1A800FBDB9F /* ListViewController.swift in Sources */,
				572038121F82F1A800FBDB9F /* EFCountingLabel.swift in Sources */,
				5720381B1F82F1A800FBDB9F /* ListItemCollectionViewCell.swift in Sources */,
				572038181F82F1A800FBDB9F /* DetailsViewController.swift in Sources */,
				572038201F82F1A800FBDB9F /* SecondOnboardingViewController.swift in Sources */,
				572038191F82F1A800FBDB9F /* FoodModel.swift in Sources */,
				572038231F82F1A800FBDB9F /* AppDelegate.swift in Sources */,
				5720381C1F82F1A800FBDB9F /* ListToDetailsSegue.swift in Sources */,
			);
			runOnlyForDeploymentPostprocessing = 0;
		};
/* End PBXSourcesBuildPhase section */

/* Begin PBXVariantGroup section */
		57A2C3DB1F70626000E9E293 /* LaunchScreen.storyboard */ = {
			isa = PBXVariantGroup;
			children = (
				57A2C3DC1F70626000E9E293 /* Base */,
			);
			name = LaunchScreen.storyboard;
			sourceTree = "<group>";
		};
/* End PBXVariantGroup section */

/* Begin XCBuildConfiguration section */
		57A2C3DF1F70626000E9E293 /* Debug */ = {
			isa = XCBuildConfiguration;
			buildSettings = {
				ALWAYS_SEARCH_USER_PATHS = NO;
				CLANG_ANALYZER_NONNULL = YES;
				CLANG_ANALYZER_NUMBER_OBJECT_CONVERSION = YES_AGGRESSIVE;
				CLANG_CXX_LANGUAGE_STANDARD = "gnu++0x";
				CLANG_CXX_LIBRARY = "libc++";
				CLANG_ENABLE_MODULES = YES;
				CLANG_ENABLE_OBJC_ARC = YES;
				CLANG_WARN_BOOL_CONVERSION = YES;
				CLANG_WARN_CONSTANT_CONVERSION = YES;
				CLANG_WARN_DIRECT_OBJC_ISA_USAGE = YES_ERROR;
				CLANG_WARN_DOCUMENTATION_COMMENTS = YES;
				CLANG_WARN_EMPTY_BODY = YES;
				CLANG_WARN_ENUM_CONVERSION = YES;
				CLANG_WARN_INFINITE_RECURSION = YES;
				CLANG_WARN_INT_CONVERSION = YES;
				CLANG_WARN_OBJC_ROOT_CLASS = YES_ERROR;
				CLANG_WARN_SUSPICIOUS_MOVE = YES;
				CLANG_WARN_UNREACHABLE_CODE = YES;
				CLANG_WARN__DUPLICATE_METHOD_MATCH = YES;
				"CODE_SIGN_IDENTITY[sdk=iphoneos*]" = "iPhone Developer";
				COPY_PHASE_STRIP = NO;
				DEBUG_INFORMATION_FORMAT = dwarf;
				ENABLE_STRICT_OBJC_MSGSEND = YES;
				ENABLE_TESTABILITY = YES;
				GCC_C_LANGUAGE_STANDARD = gnu99;
				GCC_DYNAMIC_NO_PIC = NO;
				GCC_NO_COMMON_BLOCKS = YES;
				GCC_OPTIMIZATION_LEVEL = 0;
				GCC_PREPROCESSOR_DEFINITIONS = (
					"DEBUG=1",
					"$(inherited)",
				);
				GCC_WARN_64_TO_32_BIT_CONVERSION = YES;
				GCC_WARN_ABOUT_RETURN_TYPE = YES_ERROR;
				GCC_WARN_UNDECLARED_SELECTOR = YES;
				GCC_WARN_UNINITIALIZED_AUTOS = YES_AGGRESSIVE;
				GCC_WARN_UNUSED_FUNCTION = YES;
				GCC_WARN_UNUSED_VARIABLE = YES;
				IPHONEOS_DEPLOYMENT_TARGET = 10.3;
				MTL_ENABLE_DEBUG_INFO = YES;
				ONLY_ACTIVE_ARCH = YES;
				SDKROOT = iphoneos;
				SWIFT_ACTIVE_COMPILATION_CONDITIONS = DEBUG;
				SWIFT_OPTIMIZATION_LEVEL = "-Onone";
				TARGETED_DEVICE_FAMILY = "1,2";
			};
			name = Debug;
		};
		57A2C3E01F70626000E9E293 /* Release */ = {
			isa = XCBuildConfiguration;
			buildSettings = {
				ALWAYS_SEARCH_USER_PATHS = NO;
				CLANG_ANALYZER_NONNULL = YES;
				CLANG_ANALYZER_NUMBER_OBJECT_CONVERSION = YES_AGGRESSIVE;
				CLANG_CXX_LANGUAGE_STANDARD = "gnu++0x";
				CLANG_CXX_LIBRARY = "libc++";
				CLANG_ENABLE_MODULES = YES;
				CLANG_ENABLE_OBJC_ARC = YES;
				CLANG_WARN_BOOL_CONVERSION = YES;
				CLANG_WARN_CONSTANT_CONVERSION = YES;
				CLANG_WARN_DIRECT_OBJC_ISA_USAGE = YES_ERROR;
				CLANG_WARN_DOCUMENTATION_COMMENTS = YES;
				CLANG_WARN_EMPTY_BODY = YES;
				CLANG_WARN_ENUM_CONVERSION = YES;
				CLANG_WARN_INFINITE_RECURSION = YES;
				CLANG_WARN_INT_CONVERSION = YES;
				CLANG_WARN_OBJC_ROOT_CLASS = YES_ERROR;
				CLANG_WARN_SUSPICIOUS_MOVE = YES;
				CLANG_WARN_UNREACHABLE_CODE = YES;
				CLANG_WARN__DUPLICATE_METHOD_MATCH = YES;
				"CODE_SIGN_IDENTITY[sdk=iphoneos*]" = "iPhone Developer";
				COPY_PHASE_STRIP = NO;
				DEBUG_INFORMATION_FORMAT = "dwarf-with-dsym";
				ENABLE_NS_ASSERTIONS = NO;
				ENABLE_STRICT_OBJC_MSGSEND = YES;
				GCC_C_LANGUAGE_STANDARD = gnu99;
				GCC_NO_COMMON_BLOCKS = YES;
				GCC_WARN_64_TO_32_BIT_CONVERSION = YES;
				GCC_WARN_ABOUT_RETURN_TYPE = YES_ERROR;
				GCC_WARN_UNDECLARED_SELECTOR = YES;
				GCC_WARN_UNINITIALIZED_AUTOS = YES_AGGRESSIVE;
				GCC_WARN_UNUSED_FUNCTION = YES;
				GCC_WARN_UNUSED_VARIABLE = YES;
				IPHONEOS_DEPLOYMENT_TARGET = 10.3;
				MTL_ENABLE_DEBUG_INFO = NO;
				SDKROOT = iphoneos;
				SWIFT_OPTIMIZATION_LEVEL = "-Owholemodule";
				TARGETED_DEVICE_FAMILY = "1,2";
				VALIDATE_PRODUCT = YES;
			};
			name = Release;
		};
		57A2C3E21F70626000E9E293 /* Debug */ = {
			isa = XCBuildConfiguration;
			buildSettings = {
				ASSETCATALOG_COMPILER_APPICON_NAME = AppIcon;
				DEVELOPMENT_TEAM = 22A939EHZ7;
				INFOPLIST_FILE = "AFEA-EndProject/Info.plist";
				LD_RUNPATH_SEARCH_PATHS = "$(inherited) @executable_path/Frameworks";
				PRODUCT_BUNDLE_IDENTIFIER = "com.AFEA-EndProject";
				PRODUCT_NAME = "$(TARGET_NAME)";
				SWIFT_VERSION = 3.0;
			};
			name = Debug;
		};
		57A2C3E31F70626000E9E293 /* Release */ = {
			isa = XCBuildConfiguration;
			buildSettings = {
				ASSETCATALOG_COMPILER_APPICON_NAME = AppIcon;
				DEVELOPMENT_TEAM = 22A939EHZ7;
				INFOPLIST_FILE = "AFEA-EndProject/Info.plist";
				LD_RUNPATH_SEARCH_PATHS = "$(inherited) @executable_path/Frameworks";
				PRODUCT_BUNDLE_IDENTIFIER = "com.AFEA-EndProject";
				PRODUCT_NAME = "$(TARGET_NAME)";
				SWIFT_VERSION = 3.0;
			};
			name = Release;
		};
/* End XCBuildConfiguration section */

/* Begin XCConfigurationList section */
		57A2C3CA1F70626000E9E293 /* Build configuration list for PBXProject "AFEA-EndProject" */ = {
			isa = XCConfigurationList;
			buildConfigurations = (
				57A2C3DF1F70626000E9E293 /* Debug */,
				57A2C3E01F70626000E9E293 /* Release */,
			);
			defaultConfigurationIsVisible = 0;
			defaultConfigurationName = Release;
		};
		57A2C3E11F70626000E9E293 /* Build configuration list for PBXNativeTarget "AFEA-EndProject" */ = {
			isa = XCConfigurationList;
			buildConfigurations = (
				57A2C3E21F70626000E9E293 /* Debug */,
				57A2C3E31F70626000E9E293 /* Release */,
			);
			defaultConfigurationIsVisible = 0;
			defaultConfigurationName = Release;
		};
/* End XCConfigurationList section */
	};
	rootObject = 57A2C3C71F70626000E9E293 /* Project object */;
}
